// !$*UTF8*$!
{
	archiveVersion = 1;
	classes = {
	};
	objectVersion = 46;
	objects = {

/* Begin PBXBuildFile section */
		2B109F1510D0B4A70018DB2D /* Mini_Bezel.xib in Resources */ = {isa = PBXBuildFile; fileRef = 2B109F1410D0B4A70018DB2D /* Mini_Bezel.xib */; };
		8D1AC9700486D14A00FE50C9 /* Cocoa.framework in Frameworks */ = {isa = PBXBuildFile; fileRef = DD92D38A0106425D02CA0E72 /* Cocoa.framework */; };
		BB79B99D0C11A9B6002CF9B7 /* Mini_BezelPrefPane.nib in Resources */ = {isa = PBXBuildFile; fileRef = BB79B99C0C11A9B6002CF9B7 /* Mini_BezelPrefPane.nib */; };
		C94EA13615B8347100BA25C0 /* QSCore.framework in Frameworks */ = {isa = PBXBuildFile; fileRef = C94EA13215B8347100BA25C0 /* QSCore.framework */; };
		C94EA13715B8347200BA25C0 /* QSEffects.framework in Frameworks */ = {isa = PBXBuildFile; fileRef = C94EA13315B8347100BA25C0 /* QSEffects.framework */; };
		C94EA13815B8347200BA25C0 /* QSFoundation.framework in Frameworks */ = {isa = PBXBuildFile; fileRef = C94EA13415B8347100BA25C0 /* QSFoundation.framework */; };
		C94EA13915B8347200BA25C0 /* QSInterface.framework in Frameworks */ = {isa = PBXBuildFile; fileRef = C94EA13515B8347100BA25C0 /* QSInterface.framework */; };
		CD6A12E515BAA24100AB73FD /* Common.xcconfig in Resources */ = {isa = PBXBuildFile; fileRef = CD6A12DD15BAA24100AB73FD /* Common.xcconfig */; };
		CD6A12E615BAA24100AB73FD /* Debug.xcconfig in Resources */ = {isa = PBXBuildFile; fileRef = CD6A12DE15BAA24100AB73FD /* Debug.xcconfig */; };
		CD6A12E715BAA24100AB73FD /* Developer.xcconfig in Resources */ = {isa = PBXBuildFile; fileRef = CD6A12DF15BAA24100AB73FD /* Developer.xcconfig */; };
		CD6A12E815BAA24100AB73FD /* QSPlugIn.xcconfig in Resources */ = {isa = PBXBuildFile; fileRef = CD6A12E015BAA24100AB73FD /* QSPlugIn.xcconfig */; };
		CD6A12E915BAA24100AB73FD /* QSPlugIn_Debug.xcconfig in Resources */ = {isa = PBXBuildFile; fileRef = CD6A12E115BAA24100AB73FD /* QSPlugIn_Debug.xcconfig */; };
		CD6A12EA15BAA24100AB73FD /* QSPlugIn_Release.xcconfig in Resources */ = {isa = PBXBuildFile; fileRef = CD6A12E215BAA24100AB73FD /* QSPlugIn_Release.xcconfig */; };
		CD6A12EB15BAA24100AB73FD /* Release.xcconfig in Resources */ = {isa = PBXBuildFile; fileRef = CD6A12E415BAA24100AB73FD /* Release.xcconfig */; };
		E1EAB046068128A200774DFF /* Mini_Bezel.m in Sources */ = {isa = PBXBuildFile; fileRef = E1EAB045068128A200774DFF /* Mini_Bezel.m */; };
/* End PBXBuildFile section */

/* Begin PBXFileReference section */
		2B109F1410D0B4A70018DB2D /* Mini_Bezel.xib */ = {isa = PBXFileReference; lastKnownFileType = file.xib; path = Mini_Bezel.xib; sourceTree = "<group>"; };
		8D1AC9730486D14A00FE50C9 /* Info.plist */ = {isa = PBXFileReference; fileEncoding = 4; lastKnownFileType = text.plist; path = Info.plist; sourceTree = "<group>"; };
		8D1AC9740486D14A00FE50C9 /* Mini-Bezel.qsplugin */ = {isa = PBXFileReference; explicitFileType = wrapper.cfbundle; includeInIndex = 0; path = "Mini-Bezel.qsplugin"; sourceTree = BUILT_PRODUCTS_DIR; };
		BB79B99C0C11A9B6002CF9B7 /* Mini_BezelPrefPane.nib */ = {isa = PBXFileReference; lastKnownFileType = wrapper.nib; path = Mini_BezelPrefPane.nib; sourceTree = "<group>"; };
		C94EA13215B8347100BA25C0 /* QSCore.framework */ = {isa = PBXFileReference; lastKnownFileType = wrapper.framework; path = QSCore.framework; sourceTree = BUILT_PRODUCTS_DIR; };
		C94EA13315B8347100BA25C0 /* QSEffects.framework */ = {isa = PBXFileReference; lastKnownFileType = wrapper.framework; path = QSEffects.framework; sourceTree = BUILT_PRODUCTS_DIR; };
		C94EA13415B8347100BA25C0 /* QSFoundation.framework */ = {isa = PBXFileReference; lastKnownFileType = wrapper.framework; path = QSFoundation.framework; sourceTree = BUILT_PRODUCTS_DIR; };
		C94EA13515B8347100BA25C0 /* QSInterface.framework */ = {isa = PBXFileReference; lastKnownFileType = wrapper.framework; path = QSInterface.framework; sourceTree = BUILT_PRODUCTS_DIR; };
		CD6A12DD15BAA24100AB73FD /* Common.xcconfig */ = {isa = PBXFileReference; fileEncoding = 4; lastKnownFileType = text.xcconfig; path = Common.xcconfig; sourceTree = "<group>"; };
		CD6A12DE15BAA24100AB73FD /* Debug.xcconfig */ = {isa = PBXFileReference; fileEncoding = 4; lastKnownFileType = text.xcconfig; path = Debug.xcconfig; sourceTree = "<group>"; };
		CD6A12DF15BAA24100AB73FD /* Developer.xcconfig */ = {isa = PBXFileReference; fileEncoding = 4; lastKnownFileType = text.xcconfig; path = Developer.xcconfig; sourceTree = "<group>"; };
		CD6A12E015BAA24100AB73FD /* QSPlugIn.xcconfig */ = {isa = PBXFileReference; fileEncoding = 4; lastKnownFileType = text.xcconfig; path = QSPlugIn.xcconfig; sourceTree = "<group>"; };
		CD6A12E115BAA24100AB73FD /* QSPlugIn_Debug.xcconfig */ = {isa = PBXFileReference; fileEncoding = 4; lastKnownFileType = text.xcconfig; path = QSPlugIn_Debug.xcconfig; sourceTree = "<group>"; };
		CD6A12E215BAA24100AB73FD /* QSPlugIn_Release.xcconfig */ = {isa = PBXFileReference; fileEncoding = 4; lastKnownFileType = text.xcconfig; path = QSPlugIn_Release.xcconfig; sourceTree = "<group>"; };
		CD6A12E315BAA24100AB73FD /* Quicksilver.pch */ = {isa = PBXFileReference; fileEncoding = 4; lastKnownFileType = sourcecode.c.h; path = Quicksilver.pch; sourceTree = "<group>"; };
		CD6A12E415BAA24100AB73FD /* Release.xcconfig */ = {isa = PBXFileReference; fileEncoding = 4; lastKnownFileType = text.xcconfig; path = Release.xcconfig; sourceTree = "<group>"; };
		DD92D38A0106425D02CA0E72 /* Cocoa.framework */ = {isa = PBXFileReference; lastKnownFileType = wrapper.framework; name = Cocoa.framework; path = /System/Library/Frameworks/Cocoa.framework; sourceTree = "<absolute>"; };
		E1EAB045068128A200774DFF /* Mini_Bezel.m */ = {isa = PBXFileReference; fileEncoding = 30; lastKnownFileType = sourcecode.c.objc; path = Mini_Bezel.m; sourceTree = "<group>"; };
		E1EAB047068128A800774DFF /* Mini_Bezel.h */ = {isa = PBXFileReference; fileEncoding = 30; lastKnownFileType = sourcecode.c.h; path = Mini_Bezel.h; sourceTree = "<group>"; };
/* End PBXFileReference section */

/* Begin PBXFrameworksBuildPhase section */
		8D1AC96E0486D14A00FE50C9 /* Frameworks */ = {
			isa = PBXFrameworksBuildPhase;
			buildActionMask = 2147483647;
			files = (
				8D1AC9700486D14A00FE50C9 /* Cocoa.framework in Frameworks */,
				C94EA13615B8347100BA25C0 /* QSCore.framework in Frameworks */,
				C94EA13715B8347200BA25C0 /* QSEffects.framework in Frameworks */,
				C94EA13815B8347200BA25C0 /* QSFoundation.framework in Frameworks */,
				C94EA13915B8347200BA25C0 /* QSInterface.framework in Frameworks */,
			);
			runOnlyForDeploymentPostprocessing = 0;
		};
/* End PBXFrameworksBuildPhase section */

/* Begin PBXGroup section */
		0259C574FE90428111CA0C5A /* Mini_Bezel */ = {
			isa = PBXGroup;
			children = (
				CD6A12DC15BAA24100AB73FD /* Configuration */,
				32DBCF9E0370C38000C91783 /* Classes */,
				0259C582FE90428111CA0C5A /* Resources */,
				1ED78706FE9D4A0611CA0C5A /* Products */,
				2E58F364FFB232C311CA0CBA /* Frameworks */,
			);
			name = Mini_Bezel;
			sourceTree = "<group>";
		};
		0259C582FE90428111CA0C5A /* Resources */ = {
			isa = PBXGroup;
			children = (
				2B109F1410D0B4A70018DB2D /* Mini_Bezel.xib */,
				BB79B99C0C11A9B6002CF9B7 /* Mini_BezelPrefPane.nib */,
				8D1AC9730486D14A00FE50C9 /* Info.plist */,
			);
			name = Resources;
			sourceTree = "<group>";
		};
		1ED78706FE9D4A0611CA0C5A /* Products */ = {
			isa = PBXGroup;
			children = (
				8D1AC9740486D14A00FE50C9 /* Mini-Bezel.qsplugin */,
			);
			name = Products;
			sourceTree = "<group>";
		};
		2E58F364FFB232C311CA0CBA /* Frameworks */ = {
			isa = PBXGroup;
			children = (
				C94EA13215B8347100BA25C0 /* QSCore.framework */,
				C94EA13315B8347100BA25C0 /* QSEffects.framework */,
				C94EA13415B8347100BA25C0 /* QSFoundation.framework */,
				C94EA13515B8347100BA25C0 /* QSInterface.framework */,
				DD92D38A0106425D02CA0E72 /* Cocoa.framework */,
			);
			name = Frameworks;
			sourceTree = "<group>";
		};
		32DBCF9E0370C38000C91783 /* Classes */ = {
			isa = PBXGroup;
			children = (
				E1EAB047068128A800774DFF /* Mini_Bezel.h */,
				E1EAB045068128A200774DFF /* Mini_Bezel.m */,
			);
			name = Classes;
			sourceTree = "<group>";
		};
		CD6A12DC15BAA24100AB73FD /* Configuration */ = {
			isa = PBXGroup;
			children = (
				CD6A12DD15BAA24100AB73FD /* Common.xcconfig */,
				CD6A12DE15BAA24100AB73FD /* Debug.xcconfig */,
				CD6A12DF15BAA24100AB73FD /* Developer.xcconfig */,
				CD6A12E015BAA24100AB73FD /* QSPlugIn.xcconfig */,
				CD6A12E115BAA24100AB73FD /* QSPlugIn_Debug.xcconfig */,
				CD6A12E215BAA24100AB73FD /* QSPlugIn_Release.xcconfig */,
				CD6A12E315BAA24100AB73FD /* Quicksilver.pch */,
				CD6A12E415BAA24100AB73FD /* Release.xcconfig */,
			);
			name = Configuration;
			path = /private/tmp/QS/Configuration;
			sourceTree = "<absolute>";
		};
/* End PBXGroup section */

/* Begin PBXNativeTarget section */
		8D1AC9600486D14A00FE50C9 /* Mini-Bezel */ = {
			isa = PBXNativeTarget;
			buildConfigurationList = 7F6B3EEB085CE8DF000735A8 /* Build configuration list for PBXNativeTarget "Mini-Bezel" */;
			buildPhases = (
				8D1AC9660486D14A00FE50C9 /* Resources */,
				8D1AC96A0486D14A00FE50C9 /* Sources */,
				8D1AC96E0486D14A00FE50C9 /* Frameworks */,
			);
			buildRules = (
			);
			dependencies = (
			);
			name = "Mini-Bezel";
			productInstallPath = "$(HOME)/Developer/Palettes";
			productName = "Mini-Bezel";
			productReference = 8D1AC9740486D14A00FE50C9 /* Mini-Bezel.qsplugin */;
			productType = "com.apple.product-type.bundle";
		};
/* End PBXNativeTarget section */

/* Begin PBXProject section */
		0259C573FE90428111CA0C5A /* Project object */ = {
			isa = PBXProject;
			attributes = {
				LastUpgradeCheck = 0430;
			};
			buildConfigurationList = 7F6B3EEF085CE8DF000735A8 /* Build configuration list for PBXProject "Mini-Bezel" */;
			compatibilityVersion = "Xcode 3.2";
			developmentRegion = English;
			hasScannedForEncodings = 1;
			knownRegions = (
				en,
			);
			mainGroup = 0259C574FE90428111CA0C5A /* Mini_Bezel */;
			projectDirPath = "";
			projectRoot = "";
			targets = (
				8D1AC9600486D14A00FE50C9 /* Mini-Bezel */,
			);
		};
/* End PBXProject section */

/* Begin PBXResourcesBuildPhase section */
		8D1AC9660486D14A00FE50C9 /* Resources */ = {
			isa = PBXResourcesBuildPhase;
			buildActionMask = 2147483647;
			files = (
				BB79B99D0C11A9B6002CF9B7 /* Mini_BezelPrefPane.nib in Resources */,
				2B109F1510D0B4A70018DB2D /* Mini_Bezel.xib in Resources */,
				CD6A12E515BAA24100AB73FD /* Common.xcconfig in Resources */,
				CD6A12E615BAA24100AB73FD /* Debug.xcconfig in Resources */,
				CD6A12E715BAA24100AB73FD /* Developer.xcconfig in Resources */,
				CD6A12E815BAA24100AB73FD /* QSPlugIn.xcconfig in Resources */,
				CD6A12E915BAA24100AB73FD /* QSPlugIn_Debug.xcconfig in Resources */,
				CD6A12EA15BAA24100AB73FD /* QSPlugIn_Release.xcconfig in Resources */,
				CD6A12EB15BAA24100AB73FD /* Release.xcconfig in Resources */,
			);
			runOnlyForDeploymentPostprocessing = 0;
		};
/* End PBXResourcesBuildPhase section */

/* Begin PBXSourcesBuildPhase section */
		8D1AC96A0486D14A00FE50C9 /* Sources */ = {
			isa = PBXSourcesBuildPhase;
			buildActionMask = 2147483647;
			files = (
				E1EAB046068128A200774DFF /* Mini_Bezel.m in Sources */,
			);
			runOnlyForDeploymentPostprocessing = 0;
		};
/* End PBXSourcesBuildPhase section */

/* Begin XCBuildConfiguration section */
		7F6B3EEC085CE8DF000735A8 /* Debug */ = {
			isa = XCBuildConfiguration;
			baseConfigurationReference = CD6A12E015BAA24100AB73FD /* QSPlugIn.xcconfig */;
			buildSettings = {
				OTHER_LDFLAGS = "-bundle";
				PRODUCT_NAME = "Mini-Bezel";
				WRAPPER_EXTENSION = qsplugin;
				ZERO_LINK = YES;
			};
			name = Debug;
		};
		7F6B3EED085CE8DF000735A8 /* Release */ = {
			isa = XCBuildConfiguration;
			baseConfigurationReference = CD6A12E015BAA24100AB73FD /* QSPlugIn.xcconfig */;
			buildSettings = {
				OTHER_LDFLAGS = "-bundle";
				PRODUCT_NAME = "Mini-Bezel";
				WRAPPER_EXTENSION = qsplugin;
				ZERO_LINK = NO;
			};
			name = Release;
		};
		7F6B3EF0085CE8DF000735A8 /* Debug */ = {
			isa = XCBuildConfiguration;
			baseConfigurationReference = CD6A12DE15BAA24100AB73FD /* Debug.xcconfig */;
			buildSettings = {
			};
			name = Debug;
		};
		7F6B3EF1085CE8DF000735A8 /* Release */ = {
			isa = XCBuildConfiguration;
			baseConfigurationReference = CD6A12E415BAA24100AB73FD /* Release.xcconfig */;
			buildSettings = {
			};
			name = Release;
		};
/* End XCBuildConfiguration section */

/* Begin XCConfigurationList section */
		7F6B3EEB085CE8DF000735A8 /* Build configuration list for PBXNativeTarget "Mini-Bezel" */ = {
			isa = XCConfigurationList;
			buildConfigurations = (
				7F6B3EEC085CE8DF000735A8 /* Debug */,
				7F6B3EED085CE8DF000735A8 /* Release */,
			);
			defaultConfigurationIsVisible = 0;
			defaultConfigurationName = Release;
		};
		7F6B3EEF085CE8DF000735A8 /* Build configuration list for PBXProject "Mini-Bezel" */ = {
			isa = XCConfigurationList;
			buildConfigurations = (
				7F6B3EF0085CE8DF000735A8 /* Debug */,
				7F6B3EF1085CE8DF000735A8 /* Release */,
			);
			defaultConfigurationIsVisible = 0;
			defaultConfigurationName = Release;
		};
/* End XCConfigurationList section */
	};
	rootObject = 0259C573FE90428111CA0C5A /* Project object */;
}
